
Microsoft Visual Studio Solution File, Format Version 12.00
# Visual Studio 15
VisualStudioVersion = 15.0.27130.2010
MinimumVisualStudioVersion = 10.0.40219.1
Project("{FAE04EC0-301F-11D3-BF4B-00C04F79EFBC}") = "nozlkRegister", "nozlk\nozlkRegister.csproj", "{6C94D943-0868-4917-A9A0-9F3BEA6F1475}"
EndProject
Project("{FAE04EC0-301F-11D3-BF4B-00C04F79EFBC}") = "nozlkopen", "nozlkopen\nozlkopen.csproj", "{43477E67-2E27-4042-86F1-4C98D8A34947}"
EndProject
Global
	GlobalSection(SolutionConfigurationPlatforms) = preSolution
		Debug|Any CPU = Debug|Any CPU
		Release|Any CPU = Release|Any CPU
	EndGlobalSection
	GlobalSection(ProjectConfigurationPlatforms) = postSolution
		{6C94D943-0868-4917-A9A0-9F3BEA6F1475}.Debug|Any CPU.ActiveCfg = Debug|Any CPU
		{6C94D943-0868-4917-A9A0-9F3BEA6F1475}.Debug|Any CPU.Build.0 = Debug|Any CPU
		{6C94D943-0868-4917-A9A0-9F3BEA6F1475}.Release|Any CPU.ActiveCfg = Release|Any CPU
		{6C94D943-0868-4917-A9A0-9F3BEA6F1475}.Release|Any CPU.Build.0 = Release|Any CPU
		{43477E67-2E27-4042-86F1-4C98D8A34947}.Debug|Any CPU.ActiveCfg = Debug|Any CPU
		{43477E67-2E27-4042-86F1-4C98D8A34947}.Debug|Any CPU.Build.0 = Debug|Any CPU
		{43477E67-2E27-4042-86F1-4C98D8A34947}.Release|Any CPU.ActiveCfg = Release|Any CPU
		{43477E67-2E27-4042-86F1-4C98D8A34947}.Release|Any CPU.Build.0 = Release|Any CPU
	EndGlobalSection
	GlobalSection(SolutionProperties) = preSolution
		HideSolutionNode = FALSE
	EndGlobalSection
	GlobalSection(ExtensibilityGlobals) = postSolution
		SolutionGuid = {76910814-4A86-4292-A6F0-1A3C5065FD3E}
	EndGlobalSection
EndGlobal
